<?xml version="1.0" encoding="UTF-8"?>
<!DOCTYPE plist PUBLIC "-//Apple//DTD PLIST 1.0//EN" "http://www.apple.com/DTDs/PropertyList-1.0.dtd">
<plist version="1.0">
<dict>
	<key>archiveVersion</key>
	<string>1</string>
	<key>classes</key>
	<dict/>
	<key>objectVersion</key>
	<string>46</string>
	<key>objects</key>
	<dict>
		<key>0AFC8E3827DB4D00963D894B</key>
		<dict>
			<key>includeInIndex</key>
			<string>1</string>
			<key>isa</key>
			<string>PBXFileReference</string>
			<key>lastKnownFileType</key>
			<string>text.xcconfig</string>
			<key>name</key>
			<string>Pods.xcconfig</string>
			<key>path</key>
			<string>Pods/Pods.xcconfig</string>
			<key>sourceTree</key>
			<string>&lt;group&gt;</string>
		</dict>
		<key>3609AB6C4513460CBC057A20</key>
		<dict>
			<key>explicitFileType</key>
			<string>archive.ar</string>
			<key>includeInIndex</key>
			<string>0</string>
			<key>isa</key>
			<string>PBXFileReference</string>
			<key>path</key>
			<string>libPods.a</string>
			<key>sourceTree</key>
			<string>BUILT_PRODUCTS_DIR</string>
		</dict>
		<key>6D0FFCD450444CFCA60DCC7E</key>
		<dict>
			<key>buildActionMask</key>
			<string>2147483647</string>
			<key>files</key>
			<array/>
			<key>inputPaths</key>
			<array/>
			<key>isa</key>
			<string>PBXShellScriptBuildPhase</string>
			<key>name</key>
			<string>Check Pods Manifest.lock</string>
			<key>outputPaths</key>
			<array/>
			<key>runOnlyForDeploymentPostprocessing</key>
			<string>0</string>
			<key>shellPath</key>
			<string>/bin/sh</string>
			<key>shellScript</key>
			<string>diff "${PODS_ROOT}/../Podfile.lock" "${PODS_ROOT}/Manifest.lock" &gt; /dev/null
if [[ $? != 0 ]] ; then
    cat &lt;&lt; EOM
error: The sandbox is not in sync with the Podfile.lock. Run 'pod install' or update your CocoaPods installation.
EOM
    exit 1
fi
</string>
			<key>showEnvVarsInLog</key>
			<string>0</string>
		</dict>
		<key>9FC40A974AA04D2CAEDDF0DE</key>
		<dict>
			<key>buildActionMask</key>
			<string>2147483647</string>
			<key>files</key>
			<array/>
			<key>inputPaths</key>
			<array/>
			<key>isa</key>
			<string>PBXShellScriptBuildPhase</string>
			<key>name</key>
			<string>Copy Pods Resources</string>
			<key>outputPaths</key>
			<array/>
			<key>runOnlyForDeploymentPostprocessing</key>
			<string>0</string>
			<key>shellPath</key>
			<string>/bin/sh</string>
			<key>shellScript</key>
			<string>"${SRCROOT}/Pods/Pods-resources.sh"
</string>
			<key>showEnvVarsInLog</key>
			<string>0</string>
		</dict>
		<key>A225B065196C0D1A00683B6C</key>
		<dict>
			<key>isa</key>
			<string>PBXFileReference</string>
			<key>lastKnownFileType</key>
			<string>image.png</string>
			<key>path</key>
			<string>LGTM.png</string>
			<key>sourceTree</key>
			<string>&lt;group&gt;</string>
		</dict>
		<key>A225B066196C0D1A00683B6C</key>
		<dict>
			<key>fileRef</key>
			<string>A225B065196C0D1A00683B6C</string>
			<key>isa</key>
			<string>PBXBuildFile</string>
		</dict>
		<key>A23381CA1976D9AE0068AEC4</key>
		<dict>
			<key>isa</key>
			<string>PBXFileReference</string>
			<key>lastKnownFileType</key>
			<string>image.png</string>
			<key>path</key>
			<string>SINTYOKU@2x.png</string>
			<key>sourceTree</key>
			<string>&lt;group&gt;</string>
		</dict>
		<key>A23381CB1976D9AE0068AEC4</key>
		<dict>
			<key>fileRef</key>
			<string>A23381CA1976D9AE0068AEC4</string>
			<key>isa</key>
			<string>PBXBuildFile</string>
		</dict>
		<key>A23381CC1976DD370068AEC4</key>
		<dict>
			<key>isa</key>
			<string>PBXFileReference</string>
			<key>lastKnownFileType</key>
			<string>image.png</string>
			<key>path</key>
			<string>button01+@2x.png</string>
			<key>sourceTree</key>
			<string>&lt;group&gt;</string>
		</dict>
		<key>A23381CD1976DD370068AEC4</key>
		<dict>
			<key>isa</key>
			<string>PBXFileReference</string>
			<key>lastKnownFileType</key>
			<string>image.png</string>
			<key>path</key>
			<string>button02+@2x.png</string>
			<key>sourceTree</key>
			<string>&lt;group&gt;</string>
		</dict>
		<key>A23381CE1976DD370068AEC4</key>
		<dict>
			<key>isa</key>
			<string>PBXFileReference</string>
			<key>lastKnownFileType</key>
			<string>image.png</string>
			<key>path</key>
			<string>button03+@2x.png</string>
			<key>sourceTree</key>
			<string>&lt;group&gt;</string>
		</dict>
		<key>A23381CF1976DD370068AEC4</key>
		<dict>
			<key>fileRef</key>
			<string>A23381CC1976DD370068AEC4</string>
			<key>isa</key>
			<string>PBXBuildFile</string>
		</dict>
		<key>A23381D01976DD370068AEC4</key>
		<dict>
			<key>fileRef</key>
			<string>A23381CD1976DD370068AEC4</string>
			<key>isa</key>
			<string>PBXBuildFile</string>
		</dict>
		<key>A23381D11976DD370068AEC4</key>
		<dict>
			<key>fileRef</key>
			<string>A23381CE1976DD370068AEC4</string>
			<key>isa</key>
			<string>PBXBuildFile</string>
		</dict>
		<key>A23381D21976E0410068AEC4</key>
		<dict>
			<key>isa</key>
			<string>PBXFileReference</string>
			<key>lastKnownFileType</key>
			<string>image.png</string>
			<key>path</key>
			<string>newtest01.png</string>
			<key>sourceTree</key>
			<string>&lt;group&gt;</string>
		</dict>
		<key>A23381D31976E0410068AEC4</key>
		<dict>
			<key>fileRef</key>
			<string>A23381D21976E0410068AEC4</string>
			<key>isa</key>
			<string>PBXBuildFile</string>
		</dict>
		<key>A23381D41976E14E0068AEC4</key>
		<dict>
			<key>isa</key>
			<string>PBXFileReference</string>
			<key>lastKnownFileType</key>
			<string>image.png</string>
			<key>path</key>
			<string>test01.png</string>
			<key>sourceTree</key>
			<string>&lt;group&gt;</string>
		</dict>
		<key>A23381D51976E14E0068AEC4</key>
		<dict>
			<key>isa</key>
			<string>PBXFileReference</string>
			<key>lastKnownFileType</key>
			<string>image.png</string>
			<key>path</key>
			<string>test03.png</string>
			<key>sourceTree</key>
			<string>&lt;group&gt;</string>
		</dict>
		<key>A23381D61976E14E0068AEC4</key>
		<dict>
			<key>fileRef</key>
			<string>A23381D41976E14E0068AEC4</string>
			<key>isa</key>
			<string>PBXBuildFile</string>
		</dict>
		<key>A23381D71976E14E0068AEC4</key>
		<dict>
			<key>fileRef</key>
			<string>A23381D51976E14E0068AEC4</string>
			<key>isa</key>
			<string>PBXBuildFile</string>
		</dict>
		<key>A23381DC1976E7230068AEC4</key>
		<dict>
			<key>fileEncoding</key>
			<string>4</string>
			<key>isa</key>
			<string>PBXFileReference</string>
			<key>lastKnownFileType</key>
			<string>text</string>
			<key>path</key>
			<string>Podfile</string>
			<key>sourceTree</key>
			<string>&lt;group&gt;</string>
		</dict>
		<key>A23381DD1976E7230068AEC4</key>
		<dict>
			<key>fileRef</key>
			<string>A23381DC1976E7230068AEC4</string>
			<key>isa</key>
			<string>PBXBuildFile</string>
		</dict>
		<key>A29768731965003C0000B976</key>
		<dict>
			<key>children</key>
			<array>
				<string>A23381DC1976E7230068AEC4</string>
				<string>A29768851965003C0000B976</string>
				<string>A29768A41965003C0000B976</string>
				<string>A297687E1965003C0000B976</string>
				<string>A297687D1965003C0000B976</string>
				<string>0AFC8E3827DB4D00963D894B</string>
			</array>
			<key>isa</key>
			<string>PBXGroup</string>
			<key>sourceTree</key>
			<string>&lt;group&gt;</string>
		</dict>
		<key>A29768741965003C0000B976</key>
		<dict>
			<key>attributes</key>
			<dict>
				<key>LastUpgradeCheck</key>
				<string>0510</string>
				<key>ORGANIZATIONNAME</key>
				<string>sadakoa</string>
				<key>TargetAttributes</key>
				<dict>
					<key>A297689C1965003C0000B976</key>
					<dict>
						<key>TestTargetID</key>
						<string>A297687B1965003C0000B976</string>
					</dict>
				</dict>
			</dict>
			<key>buildConfigurationList</key>
			<string>A29768771965003C0000B976</string>
			<key>compatibilityVersion</key>
			<string>Xcode 3.2</string>
			<key>developmentRegion</key>
			<string>English</string>
			<key>hasScannedForEncodings</key>
			<string>0</string>
			<key>isa</key>
			<string>PBXProject</string>
			<key>knownRegions</key>
			<array>
				<string>en</string>
				<string>Base</string>
			</array>
			<key>mainGroup</key>
			<string>A29768731965003C0000B976</string>
			<key>productRefGroup</key>
			<string>A297687D1965003C0000B976</string>
			<key>projectDirPath</key>
			<string></string>
			<key>projectReferences</key>
			<array/>
			<key>projectRoot</key>
			<string></string>
			<key>targets</key>
			<array>
				<string>A297687B1965003C0000B976</string>
				<string>A297689C1965003C0000B976</string>
			</array>
		</dict>
		<key>A29768771965003C0000B976</key>
		<dict>
			<key>buildConfigurations</key>
			<array>
				<string>A29768AC1965003C0000B976</string>
				<string>A29768AD1965003C0000B976</string>
			</array>
			<key>defaultConfigurationIsVisible</key>
			<string>0</string>
			<key>defaultConfigurationName</key>
			<string>Release</string>
			<key>isa</key>
			<string>XCConfigurationList</string>
		</dict>
		<key>A29768781965003C0000B976</key>
		<dict>
			<key>buildActionMask</key>
			<string>2147483647</string>
			<key>files</key>
			<array>
				<string>A29768B61965034F0000B976</string>
				<string>A29768E719679DD70000B976</string>
				<string>A29768E119671CE60000B976</string>
				<string>A29768961965003C0000B976</string>
				<string>A29768901965003C0000B976</string>
				<string>A29768DE19666F960000B976</string>
				<string>A297688C1965003C0000B976</string>
			</array>
			<key>isa</key>
			<string>PBXSourcesBuildPhase</string>
			<key>runOnlyForDeploymentPostprocessing</key>
			<string>0</string>
		</dict>
		<key>A29768791965003C0000B976</key>
		<dict>
			<key>buildActionMask</key>
			<string>2147483647</string>
			<key>files</key>
			<array>
				<string>A29768E3196724260000B976</string>
				<string>A29768821965003C0000B976</string>
				<string>A29768841965003C0000B976</string>
				<string>A29768801965003C0000B976</string>
				<string>C1F9D9ACEB14490F959D484D</string>
			</array>
			<key>isa</key>
			<string>PBXFrameworksBuildPhase</string>
			<key>runOnlyForDeploymentPostprocessing</key>
			<string>0</string>
		</dict>
		<key>A297687A1965003C0000B976</key>
		<dict>
			<key>buildActionMask</key>
			<string>2147483647</string>
			<key>files</key>
			<array>
				<string>A23381D01976DD370068AEC4</string>
				<string>A29768981965003C0000B976</string>
				<string>A297688A1965003C0000B976</string>
				<string>A2976918196800980000B976</string>
				<string>A2976912196800980000B976</string>
				<string>A29768C91965A0A90000B976</string>
				<string>A23381CF1976DD370068AEC4</string>
				<string>A23381D61976E14E0068AEC4</string>
				<string>A29768D219664EB10000B976</string>
				<string>A2976916196800980000B976</string>
				<string>A2976917196800980000B976</string>
				<string>A29769021967FF8F0000B976</string>
				<string>A23381CB1976D9AE0068AEC4</string>
				<string>A29768931965003C0000B976</string>
				<string>A23381D11976DD370068AEC4</string>
				<string>A29768CB1965A0A90000B976</string>
				<string>A2976913196800980000B976</string>
				<string>A29768C019652E670000B976</string>
				<string>A2976911196800980000B976</string>
				<string>A297690F196800980000B976</string>
				<string>A297690E196800980000B976</string>
				<string>A225B066196C0D1A00683B6C</string>
				<string>A2976915196800980000B976</string>
				<string>A29768CA1965A0A90000B976</string>
				<string>A23381DD1976E7230068AEC4</string>
				<string>A23381D71976E14E0068AEC4</string>
				<string>A2976910196800980000B976</string>
				<string>A2976914196800980000B976</string>
				<string>A23381D31976E0410068AEC4</string>
			</array>
			<key>isa</key>
			<string>PBXResourcesBuildPhase</string>
			<key>runOnlyForDeploymentPostprocessing</key>
			<string>0</string>
		</dict>
		<key>A297687B1965003C0000B976</key>
		<dict>
			<key>buildConfigurationList</key>
			<string>A29768AE1965003C0000B976</string>
			<key>buildPhases</key>
			<array>
				<string>6D0FFCD450444CFCA60DCC7E</string>
				<string>A29768781965003C0000B976</string>
				<string>A29768791965003C0000B976</string>
				<string>A297687A1965003C0000B976</string>
				<string>9FC40A974AA04D2CAEDDF0DE</string>
			</array>
			<key>buildRules</key>
			<array/>
			<key>dependencies</key>
			<array/>
			<key>isa</key>
			<string>PBXNativeTarget</string>
			<key>name</key>
			<string>SINTYOKU</string>
			<key>productName</key>
			<string>SINTYOKU</string>
			<key>productReference</key>
			<string>A297687C1965003C0000B976</string>
			<key>productType</key>
			<string>com.apple.product-type.application</string>
		</dict>
		<key>A297687C1965003C0000B976</key>
		<dict>
			<key>explicitFileType</key>
			<string>wrapper.application</string>
			<key>includeInIndex</key>
			<string>0</string>
			<key>isa</key>
			<string>PBXFileReference</string>
			<key>path</key>
			<string>SINTYOKU.app</string>
			<key>sourceTree</key>
			<string>BUILT_PRODUCTS_DIR</string>
		</dict>
		<key>A297687D1965003C0000B976</key>
		<dict>
			<key>children</key>
			<array>
				<string>A297687C1965003C0000B976</string>
				<string>A297689D1965003C0000B976</string>
			</array>
			<key>isa</key>
			<string>PBXGroup</string>
			<key>name</key>
			<string>Products</string>
			<key>sourceTree</key>
			<string>&lt;group&gt;</string>
		</dict>
		<key>A297687E1965003C0000B976</key>
		<dict>
			<key>children</key>
			<array>
				<string>A29768E2196724260000B976</string>
				<string>A297687F1965003C0000B976</string>
				<string>A29768811965003C0000B976</string>
				<string>A29768831965003C0000B976</string>
				<string>A297689E1965003C0000B976</string>
				<string>3609AB6C4513460CBC057A20</string>
			</array>
			<key>isa</key>
			<string>PBXGroup</string>
			<key>name</key>
			<string>Frameworks</string>
			<key>sourceTree</key>
			<string>&lt;group&gt;</string>
		</dict>
		<key>A297687F1965003C0000B976</key>
		<dict>
			<key>isa</key>
			<string>PBXFileReference</string>
			<key>lastKnownFileType</key>
			<string>wrapper.framework</string>
			<key>name</key>
			<string>Foundation.framework</string>
			<key>path</key>
			<string>System/Library/Frameworks/Foundation.framework</string>
			<key>sourceTree</key>
			<string>SDKROOT</string>
		</dict>
		<key>A29768801965003C0000B976</key>
		<dict>
			<key>fileRef</key>
			<string>A297687F1965003C0000B976</string>
			<key>isa</key>
			<string>PBXBuildFile</string>
		</dict>
		<key>A29768811965003C0000B976</key>
		<dict>
			<key>isa</key>
			<string>PBXFileReference</string>
			<key>lastKnownFileType</key>
			<string>wrapper.framework</string>
			<key>name</key>
			<string>CoreGraphics.framework</string>
			<key>path</key>
			<string>System/Library/Frameworks/CoreGraphics.framework</string>
			<key>sourceTree</key>
			<string>SDKROOT</string>
		</dict>
		<key>A29768821965003C0000B976</key>
		<dict>
			<key>fileRef</key>
			<string>A29768811965003C0000B976</string>
			<key>isa</key>
			<string>PBXBuildFile</string>
		</dict>
		<key>A29768831965003C0000B976</key>
		<dict>
			<key>isa</key>
			<string>PBXFileReference</string>
			<key>lastKnownFileType</key>
			<string>wrapper.framework</string>
			<key>name</key>
			<string>UIKit.framework</string>
			<key>path</key>
			<string>System/Library/Frameworks/UIKit.framework</string>
			<key>sourceTree</key>
			<string>SDKROOT</string>
		</dict>
		<key>A29768841965003C0000B976</key>
		<dict>
			<key>fileRef</key>
			<string>A29768831965003C0000B976</string>
			<key>isa</key>
			<string>PBXBuildFile</string>
		</dict>
		<key>A29768851965003C0000B976</key>
		<dict>
			<key>children</key>
			<array>
				<string>A29768EA1967C9240000B976</string>
				<string>A29768E419679DD70000B976</string>
				<string>A29768E81967C83D0000B976</string>
				<string>A29768911965003C0000B976</string>
				<string>A297688E1965003C0000B976</string>
				<string>A297688F1965003C0000B976</string>
				<string>A29768941965003C0000B976</string>
				<string>A29768951965003C0000B976</string>
				<string>A29768B41965034F0000B976</string>
				<string>A29768B51965034F0000B976</string>
				<string>A29768DC19666F960000B976</string>
				<string>A29768DD19666F960000B976</string>
				<string>A29768DF19671CE60000B976</string>
				<string>A29768E019671CE60000B976</string>
				<string>A29768971965003C0000B976</string>
				<string>A29768861965003C0000B976</string>
			</array>
			<key>isa</key>
			<string>PBXGroup</string>
			<key>path</key>
			<string>SINTYOKU</string>
			<key>sourceTree</key>
			<string>&lt;group&gt;</string>
		</dict>
		<key>A29768861965003C0000B976</key>
		<dict>
			<key>children</key>
			<array>
				<string>A29768871965003C0000B976</string>
				<string>A29768881965003C0000B976</string>
				<string>A297688B1965003C0000B976</string>
				<string>A297688D1965003C0000B976</string>
			</array>
			<key>isa</key>
			<string>PBXGroup</string>
			<key>name</key>
			<string>Supporting Files</string>
			<key>sourceTree</key>
			<string>&lt;group&gt;</string>
		</dict>
		<key>A29768871965003C0000B976</key>
		<dict>
			<key>isa</key>
			<string>PBXFileReference</string>
			<key>lastKnownFileType</key>
			<string>text.plist.xml</string>
			<key>path</key>
			<string>SINTYOKU-Info.plist</string>
			<key>sourceTree</key>
			<string>&lt;group&gt;</string>
		</dict>
		<key>A29768881965003C0000B976</key>
		<dict>
			<key>children</key>
			<array>
				<string>A29768891965003C0000B976</string>
			</array>
			<key>isa</key>
			<string>PBXVariantGroup</string>
			<key>name</key>
			<string>InfoPlist.strings</string>
			<key>sourceTree</key>
			<string>&lt;group&gt;</string>
		</dict>
		<key>A29768891965003C0000B976</key>
		<dict>
			<key>isa</key>
			<string>PBXFileReference</string>
			<key>lastKnownFileType</key>
			<string>text.plist.strings</string>
			<key>name</key>
			<string>en</string>
			<key>path</key>
			<string>en.lproj/InfoPlist.strings</string>
			<key>sourceTree</key>
			<string>&lt;group&gt;</string>
		</dict>
		<key>A297688A1965003C0000B976</key>
		<dict>
			<key>fileRef</key>
			<string>A29768881965003C0000B976</string>
			<key>isa</key>
			<string>PBXBuildFile</string>
		</dict>
		<key>A297688B1965003C0000B976</key>
		<dict>
			<key>isa</key>
			<string>PBXFileReference</string>
			<key>lastKnownFileType</key>
			<string>sourcecode.c.objc</string>
			<key>path</key>
			<string>main.m</string>
			<key>sourceTree</key>
			<string>&lt;group&gt;</string>
		</dict>
		<key>A297688C1965003C0000B976</key>
		<dict>
			<key>fileRef</key>
			<string>A297688B1965003C0000B976</string>
			<key>isa</key>
			<string>PBXBuildFile</string>
		</dict>
		<key>A297688D1965003C0000B976</key>
		<dict>
			<key>isa</key>
			<string>PBXFileReference</string>
			<key>lastKnownFileType</key>
			<string>sourcecode.c.h</string>
			<key>path</key>
			<string>SINTYOKU-Prefix.pch</string>
			<key>sourceTree</key>
			<string>&lt;group&gt;</string>
		</dict>
		<key>A297688E1965003C0000B976</key>
		<dict>
			<key>isa</key>
			<string>PBXFileReference</string>
			<key>lastKnownFileType</key>
			<string>sourcecode.c.h</string>
			<key>path</key>
			<string>AppDelegate.h</string>
			<key>sourceTree</key>
			<string>&lt;group&gt;</string>
		</dict>
		<key>A297688F1965003C0000B976</key>
		<dict>
			<key>isa</key>
			<string>PBXFileReference</string>
			<key>lastKnownFileType</key>
			<string>sourcecode.c.objc</string>
			<key>path</key>
			<string>AppDelegate.m</string>
			<key>sourceTree</key>
			<string>&lt;group&gt;</string>
		</dict>
		<key>A29768901965003C0000B976</key>
		<dict>
			<key>fileRef</key>
			<string>A297688F1965003C0000B976</string>
			<key>isa</key>
			<string>PBXBuildFile</string>
		</dict>
		<key>A29768911965003C0000B976</key>
		<dict>
			<key>children</key>
			<array>
				<string>A29768921965003C0000B976</string>
			</array>
			<key>isa</key>
			<string>PBXVariantGroup</string>
			<key>name</key>
			<string>Main.storyboard</string>
			<key>sourceTree</key>
			<string>&lt;group&gt;</string>
		</dict>
		<key>A29768921965003C0000B976</key>
		<dict>
			<key>isa</key>
			<string>PBXFileReference</string>
			<key>lastKnownFileType</key>
			<string>file.storyboard</string>
			<key>name</key>
			<string>Base</string>
			<key>path</key>
			<string>Base.lproj/Main.storyboard</string>
			<key>sourceTree</key>
			<string>&lt;group&gt;</string>
		</dict>
		<key>A29768931965003C0000B976</key>
		<dict>
			<key>fileRef</key>
			<string>A29768911965003C0000B976</string>
			<key>isa</key>
			<string>PBXBuildFile</string>
		</dict>
		<key>A29768941965003C0000B976</key>
		<dict>
			<key>isa</key>
			<string>PBXFileReference</string>
			<key>lastKnownFileType</key>
			<string>sourcecode.c.h</string>
			<key>path</key>
			<string>ViewController.h</string>
			<key>sourceTree</key>
			<string>&lt;group&gt;</string>
		</dict>
		<key>A29768951965003C0000B976</key>
		<dict>
			<key>isa</key>
			<string>PBXFileReference</string>
			<key>lastKnownFileType</key>
			<string>sourcecode.c.objc</string>
			<key>path</key>
			<string>ViewController.m</string>
			<key>sourceTree</key>
			<string>&lt;group&gt;</string>
		</dict>
		<key>A29768961965003C0000B976</key>
		<dict>
			<key>fileRef</key>
			<string>A29768951965003C0000B976</string>
			<key>isa</key>
			<string>PBXBuildFile</string>
		</dict>
		<key>A29768971965003C0000B976</key>
		<dict>
			<key>isa</key>
			<string>PBXFileReference</string>
			<key>lastKnownFileType</key>
			<string>folder.assetcatalog</string>
			<key>path</key>
			<string>Images.xcassets</string>
			<key>sourceTree</key>
			<string>&lt;group&gt;</string>
		</dict>
		<key>A29768981965003C0000B976</key>
		<dict>
			<key>fileRef</key>
			<string>A29768971965003C0000B976</string>
			<key>isa</key>
			<string>PBXBuildFile</string>
		</dict>
		<key>A29768991965003C0000B976</key>
		<dict>
			<key>buildActionMask</key>
			<string>2147483647</string>
			<key>files</key>
			<array>
				<string>A29768AB1965003C0000B976</string>
			</array>
			<key>isa</key>
			<string>PBXSourcesBuildPhase</string>
			<key>runOnlyForDeploymentPostprocessing</key>
			<string>0</string>
		</dict>
		<key>A297689A1965003C0000B976</key>
		<dict>
			<key>buildActionMask</key>
			<string>2147483647</string>
			<key>files</key>
			<array>
				<string>A297689F1965003C0000B976</string>
				<string>A29768A11965003C0000B976</string>
				<string>A29768A01965003C0000B976</string>
			</array>
			<key>isa</key>
			<string>PBXFrameworksBuildPhase</string>
			<key>runOnlyForDeploymentPostprocessing</key>
			<string>0</string>
		</dict>
		<key>A297689B1965003C0000B976</key>
		<dict>
			<key>buildActionMask</key>
			<string>2147483647</string>
			<key>files</key>
			<array>
				<string>A29768A91965003C0000B976</string>
			</array>
			<key>isa</key>
			<string>PBXResourcesBuildPhase</string>
			<key>runOnlyForDeploymentPostprocessing</key>
			<string>0</string>
		</dict>
		<key>A297689C1965003C0000B976</key>
		<dict>
			<key>buildConfigurationList</key>
			<string>A29768B11965003C0000B976</string>
			<key>buildPhases</key>
			<array>
				<string>A29768991965003C0000B976</string>
				<string>A297689A1965003C0000B976</string>
				<string>A297689B1965003C0000B976</string>
			</array>
			<key>buildRules</key>
			<array/>
			<key>dependencies</key>
			<array>
				<string>A29768A31965003C0000B976</string>
			</array>
			<key>isa</key>
			<string>PBXNativeTarget</string>
			<key>name</key>
			<string>SINTYOKUTests</string>
			<key>productName</key>
			<string>SINTYOKUTests</string>
			<key>productReference</key>
			<string>A297689D1965003C0000B976</string>
			<key>productType</key>
			<string>com.apple.product-type.bundle.unit-test</string>
		</dict>
		<key>A297689D1965003C0000B976</key>
		<dict>
			<key>explicitFileType</key>
			<string>wrapper.cfbundle</string>
			<key>includeInIndex</key>
			<string>0</string>
			<key>isa</key>
			<string>PBXFileReference</string>
			<key>path</key>
			<string>SINTYOKUTests.xctest</string>
			<key>sourceTree</key>
			<string>BUILT_PRODUCTS_DIR</string>
		</dict>
		<key>A297689E1965003C0000B976</key>
		<dict>
			<key>isa</key>
			<string>PBXFileReference</string>
			<key>lastKnownFileType</key>
			<string>wrapper.framework</string>
			<key>name</key>
			<string>XCTest.framework</string>
			<key>path</key>
			<string>Library/Frameworks/XCTest.framework</string>
			<key>sourceTree</key>
			<string>DEVELOPER_DIR</string>
		</dict>
		<key>A297689F1965003C0000B976</key>
		<dict>
			<key>fileRef</key>
			<string>A297689E1965003C0000B976</string>
			<key>isa</key>
			<string>PBXBuildFile</string>
		</dict>
		<key>A29768A01965003C0000B976</key>
		<dict>
			<key>fileRef</key>
			<string>A297687F1965003C0000B976</string>
			<key>isa</key>
			<string>PBXBuildFile</string>
		</dict>
		<key>A29768A11965003C0000B976</key>
		<dict>
			<key>fileRef</key>
			<string>A29768831965003C0000B976</string>
			<key>isa</key>
			<string>PBXBuildFile</string>
		</dict>
		<key>A29768A21965003C0000B976</key>
		<dict>
			<key>containerPortal</key>
			<string>A29768741965003C0000B976</string>
			<key>isa</key>
			<string>PBXContainerItemProxy</string>
			<key>proxyType</key>
			<string>1</string>
			<key>remoteGlobalIDString</key>
			<string>A297687B1965003C0000B976</string>
			<key>remoteInfo</key>
			<string>SINTYOKU</string>
		</dict>
		<key>A29768A31965003C0000B976</key>
		<dict>
			<key>isa</key>
			<string>PBXTargetDependency</string>
			<key>target</key>
			<string>A297687B1965003C0000B976</string>
			<key>targetProxy</key>
			<string>A29768A21965003C0000B976</string>
		</dict>
		<key>A29768A41965003C0000B976</key>
		<dict>
			<key>children</key>
			<array>
				<string>A29768AA1965003C0000B976</string>
				<string>A29768A51965003C0000B976</string>
			</array>
			<key>isa</key>
			<string>PBXGroup</string>
			<key>path</key>
			<string>SINTYOKUTests</string>
			<key>sourceTree</key>
			<string>&lt;group&gt;</string>
		</dict>
		<key>A29768A51965003C0000B976</key>
		<dict>
			<key>children</key>
			<array>
				<string>A29768A61965003C0000B976</string>
				<string>A29768A71965003C0000B976</string>
			</array>
			<key>isa</key>
			<string>PBXGroup</string>
			<key>name</key>
			<string>Supporting Files</string>
			<key>sourceTree</key>
			<string>&lt;group&gt;</string>
		</dict>
		<key>A29768A61965003C0000B976</key>
		<dict>
			<key>isa</key>
			<string>PBXFileReference</string>
			<key>lastKnownFileType</key>
			<string>text.plist.xml</string>
			<key>path</key>
			<string>SINTYOKUTests-Info.plist</string>
			<key>sourceTree</key>
			<string>&lt;group&gt;</string>
		</dict>
		<key>A29768A71965003C0000B976</key>
		<dict>
			<key>children</key>
			<array>
				<string>A29768A81965003C0000B976</string>
			</array>
			<key>isa</key>
			<string>PBXVariantGroup</string>
			<key>name</key>
			<string>InfoPlist.strings</string>
			<key>sourceTree</key>
			<string>&lt;group&gt;</string>
		</dict>
		<key>A29768A81965003C0000B976</key>
		<dict>
			<key>isa</key>
			<string>PBXFileReference</string>
			<key>lastKnownFileType</key>
			<string>text.plist.strings</string>
			<key>name</key>
			<string>en</string>
			<key>path</key>
			<string>en.lproj/InfoPlist.strings</string>
			<key>sourceTree</key>
			<string>&lt;group&gt;</string>
		</dict>
		<key>A29768A91965003C0000B976</key>
		<dict>
			<key>fileRef</key>
			<string>A29768A71965003C0000B976</string>
			<key>isa</key>
			<string>PBXBuildFile</string>
		</dict>
		<key>A29768AA1965003C0000B976</key>
		<dict>
			<key>isa</key>
			<string>PBXFileReference</string>
			<key>lastKnownFileType</key>
			<string>sourcecode.c.objc</string>
			<key>path</key>
			<string>SINTYOKUTests.m</string>
			<key>sourceTree</key>
			<string>&lt;group&gt;</string>
		</dict>
		<key>A29768AB1965003C0000B976</key>
		<dict>
			<key>fileRef</key>
			<string>A29768AA1965003C0000B976</string>
			<key>isa</key>
			<string>PBXBuildFile</string>
		</dict>
		<key>A29768AC1965003C0000B976</key>
		<dict>
			<key>buildSettings</key>
			<dict>
				<key>ALWAYS_SEARCH_USER_PATHS</key>
				<string>NO</string>
				<key>CLANG_CXX_LANGUAGE_STANDARD</key>
				<string>gnu++0x</string>
				<key>CLANG_CXX_LIBRARY</key>
				<string>libc++</string>
				<key>CLANG_ENABLE_MODULES</key>
				<string>YES</string>
				<key>CLANG_ENABLE_OBJC_ARC</key>
				<string>YES</string>
				<key>CLANG_WARN_BOOL_CONVERSION</key>
				<string>YES</string>
				<key>CLANG_WARN_CONSTANT_CONVERSION</key>
				<string>YES</string>
				<key>CLANG_WARN_DIRECT_OBJC_ISA_USAGE</key>
				<string>YES_ERROR</string>
				<key>CLANG_WARN_EMPTY_BODY</key>
				<string>YES</string>
				<key>CLANG_WARN_ENUM_CONVERSION</key>
				<string>YES</string>
				<key>CLANG_WARN_INT_CONVERSION</key>
				<string>YES</string>
				<key>CLANG_WARN_OBJC_ROOT_CLASS</key>
				<string>YES_ERROR</string>
				<key>CLANG_WARN__DUPLICATE_METHOD_MATCH</key>
				<string>YES</string>
				<key>CODE_SIGN_IDENTITY[sdk=iphoneos*]</key>
				<string>iPhone Developer</string>
				<key>COPY_PHASE_STRIP</key>
				<string>NO</string>
				<key>GCC_C_LANGUAGE_STANDARD</key>
				<string>gnu99</string>
				<key>GCC_DYNAMIC_NO_PIC</key>
				<string>NO</string>
				<key>GCC_OPTIMIZATION_LEVEL</key>
				<string>0</string>
				<key>GCC_PREPROCESSOR_DEFINITIONS</key>
				<array>
					<string>DEBUG=1</string>
					<string>$(inherited)</string>
				</array>
				<key>GCC_SYMBOLS_PRIVATE_EXTERN</key>
				<string>NO</string>
				<key>GCC_WARN_64_TO_32_BIT_CONVERSION</key>
				<string>YES</string>
				<key>GCC_WARN_ABOUT_RETURN_TYPE</key>
				<string>YES_ERROR</string>
				<key>GCC_WARN_UNDECLARED_SELECTOR</key>
				<string>YES</string>
				<key>GCC_WARN_UNINITIALIZED_AUTOS</key>
				<string>YES_AGGRESSIVE</string>
				<key>GCC_WARN_UNUSED_FUNCTION</key>
				<string>YES</string>
				<key>GCC_WARN_UNUSED_VARIABLE</key>
				<string>YES</string>
				<key>IPHONEOS_DEPLOYMENT_TARGET</key>
				<string>7.1</string>
				<key>ONLY_ACTIVE_ARCH</key>
				<string>YES</string>
				<key>SDKROOT</key>
				<string>iphoneos</string>
			</dict>
			<key>isa</key>
			<string>XCBuildConfiguration</string>
			<key>name</key>
			<string>Debug</string>
		</dict>
		<key>A29768AD1965003C0000B976</key>
		<dict>
			<key>buildSettings</key>
			<dict>
				<key>ALWAYS_SEARCH_USER_PATHS</key>
				<string>NO</string>
				<key>CLANG_CXX_LANGUAGE_STANDARD</key>
				<string>gnu++0x</string>
				<key>CLANG_CXX_LIBRARY</key>
				<string>libc++</string>
				<key>CLANG_ENABLE_MODULES</key>
				<string>YES</string>
				<key>CLANG_ENABLE_OBJC_ARC</key>
				<string>YES</string>
				<key>CLANG_WARN_BOOL_CONVERSION</key>
				<string>YES</string>
				<key>CLANG_WARN_CONSTANT_CONVERSION</key>
				<string>YES</string>
				<key>CLANG_WARN_DIRECT_OBJC_ISA_USAGE</key>
				<string>YES_ERROR</string>
				<key>CLANG_WARN_EMPTY_BODY</key>
				<string>YES</string>
				<key>CLANG_WARN_ENUM_CONVERSION</key>
				<string>YES</string>
				<key>CLANG_WARN_INT_CONVERSION</key>
				<string>YES</string>
				<key>CLANG_WARN_OBJC_ROOT_CLASS</key>
				<string>YES_ERROR</string>
				<key>CLANG_WARN__DUPLICATE_METHOD_MATCH</key>
				<string>YES</string>
				<key>CODE_SIGN_IDENTITY[sdk=iphoneos*]</key>
				<string>iPhone Developer</string>
				<key>COPY_PHASE_STRIP</key>
				<string>YES</string>
				<key>ENABLE_NS_ASSERTIONS</key>
				<string>NO</string>
				<key>GCC_C_LANGUAGE_STANDARD</key>
				<string>gnu99</string>
				<key>GCC_WARN_64_TO_32_BIT_CONVERSION</key>
				<string>YES</string>
				<key>GCC_WARN_ABOUT_RETURN_TYPE</key>
				<string>YES_ERROR</string>
				<key>GCC_WARN_UNDECLARED_SELECTOR</key>
				<string>YES</string>
				<key>GCC_WARN_UNINITIALIZED_AUTOS</key>
				<string>YES_AGGRESSIVE</string>
				<key>GCC_WARN_UNUSED_FUNCTION</key>
				<string>YES</string>
				<key>GCC_WARN_UNUSED_VARIABLE</key>
				<string>YES</string>
				<key>IPHONEOS_DEPLOYMENT_TARGET</key>
				<string>7.1</string>
				<key>SDKROOT</key>
				<string>iphoneos</string>
				<key>VALIDATE_PRODUCT</key>
				<string>YES</string>
			</dict>
			<key>isa</key>
			<string>XCBuildConfiguration</string>
			<key>name</key>
			<string>Release</string>
		</dict>
		<key>A29768AE1965003C0000B976</key>
		<dict>
			<key>buildConfigurations</key>
			<array>
				<string>A29768AF1965003C0000B976</string>
				<string>A29768B01965003C0000B976</string>
			</array>
			<key>defaultConfigurationIsVisible</key>
			<string>0</string>
			<key>defaultConfigurationName</key>
			<string>Release</string>
			<key>isa</key>
			<string>XCConfigurationList</string>
		</dict>
		<key>A29768AF1965003C0000B976</key>
		<dict>
			<key>baseConfigurationReference</key>
			<string>0AFC8E3827DB4D00963D894B</string>
			<key>buildSettings</key>
			<dict>
				<key>ASSETCATALOG_COMPILER_APPICON_NAME</key>
				<string>AppIcon</string>
				<key>ASSETCATALOG_COMPILER_LAUNCHIMAGE_NAME</key>
				<string>LaunchImage</string>
				<key>GCC_PRECOMPILE_PREFIX_HEADER</key>
				<string>YES</string>
				<key>GCC_PREFIX_HEADER</key>
				<string>SINTYOKU/SINTYOKU-Prefix.pch</string>
				<key>INFOPLIST_FILE</key>
				<string>SINTYOKU/SINTYOKU-Info.plist</string>
				<key>PRODUCT_NAME</key>
				<string>$(TARGET_NAME)</string>
				<key>WRAPPER_EXTENSION</key>
				<string>app</string>
			</dict>
			<key>isa</key>
			<string>XCBuildConfiguration</string>
			<key>name</key>
			<string>Debug</string>
		</dict>
		<key>A29768B01965003C0000B976</key>
		<dict>
			<key>baseConfigurationReference</key>
			<string>0AFC8E3827DB4D00963D894B</string>
			<key>buildSettings</key>
			<dict>
				<key>ASSETCATALOG_COMPILER_APPICON_NAME</key>
				<string>AppIcon</string>
				<key>ASSETCATALOG_COMPILER_LAUNCHIMAGE_NAME</key>
				<string>LaunchImage</string>
				<key>GCC_PRECOMPILE_PREFIX_HEADER</key>
				<string>YES</string>
				<key>GCC_PREFIX_HEADER</key>
				<string>SINTYOKU/SINTYOKU-Prefix.pch</string>
				<key>INFOPLIST_FILE</key>
				<string>SINTYOKU/SINTYOKU-Info.plist</string>
				<key>PRODUCT_NAME</key>
				<string>$(TARGET_NAME)</string>
				<key>WRAPPER_EXTENSION</key>
				<string>app</string>
			</dict>
			<key>isa</key>
			<string>XCBuildConfiguration</string>
			<key>name</key>
			<string>Release</string>
		</dict>
		<key>A29768B11965003C0000B976</key>
		<dict>
			<key>buildConfigurations</key>
			<array>
				<string>A29768B21965003C0000B976</string>
				<string>A29768B31965003C0000B976</string>
			</array>
			<key>defaultConfigurationIsVisible</key>
			<string>0</string>
			<key>defaultConfigurationName</key>
			<string>Release</string>
			<key>isa</key>
			<string>XCConfigurationList</string>
		</dict>
		<key>A29768B21965003C0000B976</key>
		<dict>
			<key>buildSettings</key>
			<dict>
				<key>BUNDLE_LOADER</key>
				<string>$(BUILT_PRODUCTS_DIR)/SINTYOKU.app/SINTYOKU</string>
				<key>FRAMEWORK_SEARCH_PATHS</key>
				<array>
					<string>$(SDKROOT)/Developer/Library/Frameworks</string>
					<string>$(inherited)</string>
					<string>$(DEVELOPER_FRAMEWORKS_DIR)</string>
				</array>
				<key>GCC_PRECOMPILE_PREFIX_HEADER</key>
				<string>YES</string>
				<key>GCC_PREFIX_HEADER</key>
				<string>SINTYOKU/SINTYOKU-Prefix.pch</string>
				<key>GCC_PREPROCESSOR_DEFINITIONS</key>
				<array>
					<string>DEBUG=1</string>
					<string>$(inherited)</string>
				</array>
				<key>INFOPLIST_FILE</key>
				<string>SINTYOKUTests/SINTYOKUTests-Info.plist</string>
				<key>PRODUCT_NAME</key>
				<string>$(TARGET_NAME)</string>
				<key>TEST_HOST</key>
				<string>$(BUNDLE_LOADER)</string>
				<key>WRAPPER_EXTENSION</key>
				<string>xctest</string>
			</dict>
			<key>isa</key>
			<string>XCBuildConfiguration</string>
			<key>name</key>
			<string>Debug</string>
		</dict>
		<key>A29768B31965003C0000B976</key>
		<dict>
			<key>buildSettings</key>
			<dict>
				<key>BUNDLE_LOADER</key>
				<string>$(BUILT_PRODUCTS_DIR)/SINTYOKU.app/SINTYOKU</string>
				<key>FRAMEWORK_SEARCH_PATHS</key>
				<array>
					<string>$(SDKROOT)/Developer/Library/Frameworks</string>
					<string>$(inherited)</string>
					<string>$(DEVELOPER_FRAMEWORKS_DIR)</string>
				</array>
				<key>GCC_PRECOMPILE_PREFIX_HEADER</key>
				<string>YES</string>
				<key>GCC_PREFIX_HEADER</key>
				<string>SINTYOKU/SINTYOKU-Prefix.pch</string>
				<key>INFOPLIST_FILE</key>
				<string>SINTYOKUTests/SINTYOKUTests-Info.plist</string>
				<key>PRODUCT_NAME</key>
				<string>$(TARGET_NAME)</string>
				<key>TEST_HOST</key>
				<string>$(BUNDLE_LOADER)</string>
				<key>WRAPPER_EXTENSION</key>
				<string>xctest</string>
			</dict>
			<key>isa</key>
			<string>XCBuildConfiguration</string>
			<key>name</key>
			<string>Release</string>
		</dict>
		<key>A29768B41965034F0000B976</key>
		<dict>
			<key>fileEncoding</key>
			<string>4</string>
			<key>isa</key>
			<string>PBXFileReference</string>
			<key>lastKnownFileType</key>
			<string>sourcecode.c.h</string>
			<key>path</key>
			<string>EditImageViewController.h</string>
			<key>sourceTree</key>
			<string>&lt;group&gt;</string>
		</dict>
		<key>A29768B51965034F0000B976</key>
		<dict>
			<key>fileEncoding</key>
			<string>4</string>
			<key>isa</key>
			<string>PBXFileReference</string>
			<key>lastKnownFileType</key>
			<string>sourcecode.c.objc</string>
			<key>path</key>
			<string>EditImageViewController.m</string>
			<key>sourceTree</key>
			<string>&lt;group&gt;</string>
		</dict>
		<key>A29768B61965034F0000B976</key>
		<dict>
			<key>fileRef</key>
			<string>A29768B51965034F0000B976</string>
			<key>isa</key>
			<string>PBXBuildFile</string>
		</dict>
		<key>A29768BF19652E670000B976</key>
		<dict>
			<key>isa</key>
			<string>PBXFileReference</string>
			<key>lastKnownFileType</key>
			<string>image.png</string>
			<key>path</key>
			<string>image.png</string>
			<key>sourceTree</key>
			<string>&lt;group&gt;</string>
		</dict>
		<key>A29768C019652E670000B976</key>
		<dict>
			<key>fileRef</key>
			<string>A29768BF19652E670000B976</string>
			<key>isa</key>
			<string>PBXBuildFile</string>
		</dict>
		<key>A29768C61965A0A90000B976</key>
		<dict>
			<key>isa</key>
			<string>PBXFileReference</string>
			<key>lastKnownFileType</key>
			<string>image.png</string>
			<key>path</key>
			<string>not01.png</string>
			<key>sourceTree</key>
			<string>&lt;group&gt;</string>
		</dict>
		<key>A29768C71965A0A90000B976</key>
		<dict>
			<key>isa</key>
			<string>PBXFileReference</string>
			<key>lastKnownFileType</key>
			<string>image.png</string>
			<key>path</key>
			<string>progress01.png</string>
			<key>sourceTree</key>
			<string>&lt;group&gt;</string>
		</dict>
		<key>A29768C81965A0A90000B976</key>
		<dict>
			<key>isa</key>
			<string>PBXFileReference</string>
			<key>lastKnownFileType</key>
			<string>image.png</string>
			<key>path</key>
			<string>yes01.png</string>
			<key>sourceTree</key>
			<string>&lt;group&gt;</string>
		</dict>
		<key>A29768C91965A0A90000B976</key>
		<dict>
			<key>fileRef</key>
			<string>A29768C61965A0A90000B976</string>
			<key>isa</key>
			<string>PBXBuildFile</string>
		</dict>
		<key>A29768CA1965A0A90000B976</key>
		<dict>
			<key>fileRef</key>
			<string>A29768C71965A0A90000B976</string>
			<key>isa</key>
			<string>PBXBuildFile</string>
		</dict>
		<key>A29768CB1965A0A90000B976</key>
		<dict>
			<key>fileRef</key>
			<string>A29768C81965A0A90000B976</string>
			<key>isa</key>
			<string>PBXBuildFile</string>
		</dict>
		<key>A29768D119664EB10000B976</key>
		<dict>
			<key>isa</key>
			<string>PBXFileReference</string>
			<key>lastKnownFileType</key>
			<string>image.png</string>
			<key>path</key>
			<string>test02.png</string>
			<key>sourceTree</key>
			<string>&lt;group&gt;</string>
		</dict>
		<key>A29768D219664EB10000B976</key>
		<dict>
			<key>fileRef</key>
			<string>A29768D119664EB10000B976</string>
			<key>isa</key>
			<string>PBXBuildFile</string>
		</dict>
		<key>A29768DC19666F960000B976</key>
		<dict>
			<key>fileEncoding</key>
			<string>4</string>
			<key>isa</key>
			<string>PBXFileReference</string>
			<key>lastKnownFileType</key>
			<string>sourcecode.c.h</string>
			<key>path</key>
			<string>ImagePreviewViewController.h</string>
			<key>sourceTree</key>
			<string>&lt;group&gt;</string>
		</dict>
		<key>A29768DD19666F960000B976</key>
		<dict>
			<key>fileEncoding</key>
			<string>4</string>
			<key>isa</key>
			<string>PBXFileReference</string>
			<key>lastKnownFileType</key>
			<string>sourcecode.c.objc</string>
			<key>path</key>
			<string>ImagePreviewViewController.m</string>
			<key>sourceTree</key>
			<string>&lt;group&gt;</string>
		</dict>
		<key>A29768DE19666F960000B976</key>
		<dict>
			<key>fileRef</key>
			<string>A29768DD19666F960000B976</string>
			<key>isa</key>
			<string>PBXBuildFile</string>
		</dict>
		<key>A29768DF19671CE60000B976</key>
		<dict>
			<key>fileEncoding</key>
			<string>4</string>
			<key>isa</key>
			<string>PBXFileReference</string>
			<key>lastKnownFileType</key>
			<string>sourcecode.c.h</string>
			<key>path</key>
			<string>SNSViewController.h</string>
			<key>sourceTree</key>
			<string>&lt;group&gt;</string>
		</dict>
		<key>A29768E019671CE60000B976</key>
		<dict>
			<key>fileEncoding</key>
			<string>4</string>
			<key>isa</key>
			<string>PBXFileReference</string>
			<key>lastKnownFileType</key>
			<string>sourcecode.c.objc</string>
			<key>path</key>
			<string>SNSViewController.m</string>
			<key>sourceTree</key>
			<string>&lt;group&gt;</string>
		</dict>
		<key>A29768E119671CE60000B976</key>
		<dict>
			<key>fileRef</key>
			<string>A29768E019671CE60000B976</string>
			<key>isa</key>
			<string>PBXBuildFile</string>
		</dict>
		<key>A29768E2196724260000B976</key>
		<dict>
			<key>isa</key>
			<string>PBXFileReference</string>
			<key>lastKnownFileType</key>
			<string>wrapper.framework</string>
			<key>name</key>
			<string>Social.framework</string>
			<key>path</key>
			<string>System/Library/Frameworks/Social.framework</string>
			<key>sourceTree</key>
			<string>SDKROOT</string>
		</dict>
		<key>A29768E3196724260000B976</key>
		<dict>
			<key>fileRef</key>
			<string>A29768E2196724260000B976</string>
			<key>isa</key>
			<string>PBXBuildFile</string>
		</dict>
		<key>A29768E419679DD70000B976</key>
		<dict>
			<key>children</key>
			<array>
				<string>A29768E519679DD70000B976</string>
				<string>A29768E619679DD70000B976</string>
			</array>
			<key>isa</key>
			<string>PBXGroup</string>
			<key>path</key>
			<string>Classes</string>
			<key>sourceTree</key>
			<string>&lt;group&gt;</string>
		</dict>
		<key>A29768E519679DD70000B976</key>
		<dict>
			<key>fileEncoding</key>
			<string>4</string>
			<key>isa</key>
			<string>PBXFileReference</string>
			<key>lastKnownFileType</key>
			<string>sourcecode.c.h</string>
			<key>path</key>
			<string>DCSocial.h</string>
			<key>sourceTree</key>
			<string>&lt;group&gt;</string>
		</dict>
		<key>A29768E619679DD70000B976</key>
		<dict>
			<key>fileEncoding</key>
			<string>4</string>
			<key>isa</key>
			<string>PBXFileReference</string>
			<key>lastKnownFileType</key>
			<string>sourcecode.c.objc</string>
			<key>path</key>
			<string>DCSocial.m</string>
			<key>sourceTree</key>
			<string>&lt;group&gt;</string>
		</dict>
		<key>A29768E719679DD70000B976</key>
		<dict>
			<key>fileRef</key>
			<string>A29768E619679DD70000B976</string>
			<key>isa</key>
			<string>PBXBuildFile</string>
		</dict>
		<key>A29768E81967C83D0000B976</key>
		<dict>
			<key>children</key>
			<array>
				<string>A23381D21976E0410068AEC4</string>
				<string>A23381D41976E14E0068AEC4</string>
				<string>A23381D51976E14E0068AEC4</string>
				<string>A225B065196C0D1A00683B6C</string>
				<string>A29768D119664EB10000B976</string>
				<string>A29768C61965A0A90000B976</string>
				<string>A29768C71965A0A90000B976</string>
				<string>A29768C81965A0A90000B976</string>
				<string>A29768BF19652E670000B976</string>
			</array>
			<key>isa</key>
			<string>PBXGroup</string>
			<key>name</key>
			<string>StampImage</string>
			<key>sourceTree</key>
			<string>&lt;group&gt;</string>
		</dict>
		<key>A29768EA1967C9240000B976</key>
		<dict>
			<key>children</key>
			<array>
				<string>A23381CC1976DD370068AEC4</string>
				<string>A23381CD1976DD370068AEC4</string>
				<string>A23381CE1976DD370068AEC4</string>
				<string>A23381CA1976D9AE0068AEC4</string>
				<string>A2976903196800980000B976</string>
				<string>A2976904196800980000B976</string>
				<string>A2976905196800980000B976</string>
				<string>A2976906196800980000B976</string>
				<string>A2976907196800980000B976</string>
				<string>A2976908196800980000B976</string>
				<string>A2976909196800980000B976</string>
				<string>A297690A196800980000B976</string>
				<string>A297690B196800980000B976</string>
				<string>A297690C196800980000B976</string>
				<string>A297690D196800980000B976</string>
				<string>A29769011967FF8F0000B976</string>
			</array>
			<key>isa</key>
			<string>PBXGroup</string>
			<key>name</key>
			<string>appDesignImage</string>
			<key>sourceTree</key>
			<string>&lt;group&gt;</string>
		</dict>
		<key>A29769011967FF8F0000B976</key>
		<dict>
			<key>isa</key>
			<string>PBXFileReference</string>
			<key>lastKnownFileType</key>
			<string>image.png</string>
			<key>path</key>
			<string>test@2x.png</string>
			<key>sourceTree</key>
			<string>&lt;group&gt;</string>
		</dict>
		<key>A29769021967FF8F0000B976</key>
		<dict>
			<key>fileRef</key>
			<string>A29769011967FF8F0000B976</string>
			<key>isa</key>
			<string>PBXBuildFile</string>
		</dict>
		<key>A2976903196800980000B976</key>
		<dict>
			<key>isa</key>
			<string>PBXFileReference</string>
			<key>lastKnownFileType</key>
			<string>image.png</string>
			<key>path</key>
			<string>Bg@2x.png</string>
			<key>sourceTree</key>
			<string>&lt;group&gt;</string>
		</dict>
		<key>A2976904196800980000B976</key>
		<dict>
			<key>isa</key>
			<string>PBXFileReference</string>
			<key>lastKnownFileType</key>
			<string>image.png</string>
			<key>path</key>
			<string>home01@2x.png</string>
			<key>sourceTree</key>
			<string>&lt;group&gt;</string>
		</dict>
		<key>A2976905196800980000B976</key>
		<dict>
			<key>isa</key>
			<string>PBXFileReference</string>
			<key>lastKnownFileType</key>
			<string>image.png</string>
			<key>path</key>
			<string>home02@2x.png</string>
			<key>sourceTree</key>
			<string>&lt;group&gt;</string>
		</dict>
		<key>A2976906196800980000B976</key>
		<dict>
			<key>isa</key>
			<string>PBXFileReference</string>
			<key>lastKnownFileType</key>
			<string>image.png</string>
			<key>path</key>
			<string>sns01@2x.png</string>
			<key>sourceTree</key>
			<string>&lt;group&gt;</string>
		</dict>
		<key>A2976907196800980000B976</key>
		<dict>
			<key>isa</key>
			<string>PBXFileReference</string>
			<key>lastKnownFileType</key>
			<string>image.png</string>
			<key>path</key>
			<string>sns02@2x.png</string>
			<key>sourceTree</key>
			<string>&lt;group&gt;</string>
		</dict>
		<key>A2976908196800980000B976</key>
		<dict>
			<key>isa</key>
			<string>PBXFileReference</string>
			<key>lastKnownFileType</key>
			<string>image.png</string>
			<key>path</key>
			<string>sns03@2x.png</string>
			<key>sourceTree</key>
			<string>&lt;group&gt;</string>
		</dict>
		<key>A2976909196800980000B976</key>
		<dict>
			<key>isa</key>
			<string>PBXFileReference</string>
			<key>lastKnownFileType</key>
			<string>image.png</string>
			<key>path</key>
			<string>sns04@2x.png</string>
			<key>sourceTree</key>
			<string>&lt;group&gt;</string>
		</dict>
		<key>A297690A196800980000B976</key>
		<dict>
			<key>isa</key>
			<string>PBXFileReference</string>
			<key>lastKnownFileType</key>
			<string>image.png</string>
			<key>path</key>
			<string>state01@2x.png</string>
			<key>sourceTree</key>
			<string>&lt;group&gt;</string>
		</dict>
		<key>A297690B196800980000B976</key>
		<dict>
			<key>isa</key>
			<string>PBXFileReference</string>
			<key>lastKnownFileType</key>
			<string>image.png</string>
			<key>path</key>
			<string>state02@2x.png</string>
			<key>sourceTree</key>
			<string>&lt;group&gt;</string>
		</dict>
		<key>A297690C196800980000B976</key>
		<dict>
			<key>isa</key>
			<string>PBXFileReference</string>
			<key>lastKnownFileType</key>
			<string>image.png</string>
			<key>path</key>
			<string>tab01@2x.png</string>
			<key>sourceTree</key>
			<string>&lt;group&gt;</string>
		</dict>
		<key>A297690D196800980000B976</key>
		<dict>
			<key>isa</key>
			<string>PBXFileReference</string>
			<key>lastKnownFileType</key>
			<string>image.png</string>
			<key>path</key>
			<string>tab02@2x.png</string>
			<key>sourceTree</key>
			<string>&lt;group&gt;</string>
		</dict>
		<key>A297690E196800980000B976</key>
		<dict>
			<key>fileRef</key>
			<string>A2976903196800980000B976</string>
			<key>isa</key>
			<string>PBXBuildFile</string>
		</dict>
		<key>A297690F196800980000B976</key>
		<dict>
			<key>fileRef</key>
			<string>A2976904196800980000B976</string>
			<key>isa</key>
			<string>PBXBuildFile</string>
		</dict>
		<key>A2976910196800980000B976</key>
		<dict>
			<key>fileRef</key>
			<string>A2976905196800980000B976</string>
			<key>isa</key>
			<string>PBXBuildFile</string>
		</dict>
		<key>A2976911196800980000B976</key>
		<dict>
			<key>fileRef</key>
			<string>A2976906196800980000B976</string>
			<key>isa</key>
			<string>PBXBuildFile</string>
		</dict>
		<key>A2976912196800980000B976</key>
		<dict>
			<key>fileRef</key>
			<string>A2976907196800980000B976</string>
			<key>isa</key>
			<string>PBXBuildFile</string>
		</dict>
		<key>A2976913196800980000B976</key>
		<dict>
			<key>fileRef</key>
			<string>A2976908196800980000B976</string>
			<key>isa</key>
			<string>PBXBuildFile</string>
		</dict>
		<key>A2976914196800980000B976</key>
		<dict>
			<key>fileRef</key>
			<string>A2976909196800980000B976</string>
			<key>isa</key>
			<string>PBXBuildFile</string>
		</dict>
		<key>A2976915196800980000B976</key>
		<dict>
			<key>fileRef</key>
			<string>A297690A196800980000B976</string>
			<key>isa</key>
			<string>PBXBuildFile</string>
		</dict>
		<key>A2976916196800980000B976</key>
		<dict>
			<key>fileRef</key>
			<string>A297690B196800980000B976</string>
			<key>isa</key>
			<string>PBXBuildFile</string>
		</dict>
		<key>A2976917196800980000B976</key>
		<dict>
			<key>fileRef</key>
			<string>A297690C196800980000B976</string>
			<key>isa</key>
			<string>PBXBuildFile</string>
		</dict>
		<key>A2976918196800980000B976</key>
		<dict>
			<key>fileRef</key>
			<string>A297690D196800980000B976</string>
			<key>isa</key>
			<string>PBXBuildFile</string>
		</dict>
		<key>C1F9D9ACEB14490F959D484D</key>
		<dict>
			<key>fileRef</key>
			<string>3609AB6C4513460CBC057A20</string>
			<key>isa</key>
			<string>PBXBuildFile</string>
		</dict>
	</dict>
	<key>rootObject</key>
	<string>A29768741965003C0000B976</string>
</dict>
</plist>
