// !$*UTF8*$!
{
	archiveVersion = 1;
	classes = {
	};
	objectVersion = 46;
	objects = {

/* Begin PBXBuildFile section */
		A225B066196C0D1A00683B6C /* LGTM.png in Resources */ = {isa = PBXBuildFile; fileRef = A225B065196C0D1A00683B6C /* LGTM.png */; };
		A29768801965003C0000B976 /* Foundation.framework in Frameworks */ = {isa = PBXBuildFile; fileRef = A297687F1965003C0000B976 /* Foundation.framework */; };
		A29768821965003C0000B976 /* CoreGraphics.framework in Frameworks */ = {isa = PBXBuildFile; fileRef = A29768811965003C0000B976 /* CoreGraphics.framework */; };
		A29768841965003C0000B976 /* UIKit.framework in Frameworks */ = {isa = PBXBuildFile; fileRef = A29768831965003C0000B976 /* UIKit.framework */; };
		A297688A1965003C0000B976 /* InfoPlist.strings in Resources */ = {isa = PBXBuildFile; fileRef = A29768881965003C0000B976 /* InfoPlist.strings */; };
		A297688C1965003C0000B976 /* main.m in Sources */ = {isa = PBXBuildFile; fileRef = A297688B1965003C0000B976 /* main.m */; };
		A29768901965003C0000B976 /* AppDelegate.m in Sources */ = {isa = PBXBuildFile; fileRef = A297688F1965003C0000B976 /* AppDelegate.m */; };
		A29768931965003C0000B976 /* Main.storyboard in Resources */ = {isa = PBXBuildFile; fileRef = A29768911965003C0000B976 /* Main.storyboard */; };
		A29768961965003C0000B976 /* ViewController.m in Sources */ = {isa = PBXBuildFile; fileRef = A29768951965003C0000B976 /* ViewController.m */; };
		A29768981965003C0000B976 /* Images.xcassets in Resources */ = {isa = PBXBuildFile; fileRef = A29768971965003C0000B976 /* Images.xcassets */; };
		A297689F1965003C0000B976 /* XCTest.framework in Frameworks */ = {isa = PBXBuildFile; fileRef = A297689E1965003C0000B976 /* XCTest.framework */; };
		A29768A01965003C0000B976 /* Foundation.framework in Frameworks */ = {isa = PBXBuildFile; fileRef = A297687F1965003C0000B976 /* Foundation.framework */; };
		A29768A11965003C0000B976 /* UIKit.framework in Frameworks */ = {isa = PBXBuildFile; fileRef = A29768831965003C0000B976 /* UIKit.framework */; };
		A29768A91965003C0000B976 /* InfoPlist.strings in Resources */ = {isa = PBXBuildFile; fileRef = A29768A71965003C0000B976 /* InfoPlist.strings */; };
		A29768AB1965003C0000B976 /* SINTYOKUTests.m in Sources */ = {isa = PBXBuildFile; fileRef = A29768AA1965003C0000B976 /* SINTYOKUTests.m */; };
		A29768B61965034F0000B976 /* EditImageViewController.m in Sources */ = {isa = PBXBuildFile; fileRef = A29768B51965034F0000B976 /* EditImageViewController.m */; };
		A29768C019652E670000B976 /* image.png in Resources */ = {isa = PBXBuildFile; fileRef = A29768BF19652E670000B976 /* image.png */; };
		A29768C91965A0A90000B976 /* not01.png in Resources */ = {isa = PBXBuildFile; fileRef = A29768C61965A0A90000B976 /* not01.png */; };
		A29768CA1965A0A90000B976 /* progress01.png in Resources */ = {isa = PBXBuildFile; fileRef = A29768C71965A0A90000B976 /* progress01.png */; };
		A29768CB1965A0A90000B976 /* yes01.png in Resources */ = {isa = PBXBuildFile; fileRef = A29768C81965A0A90000B976 /* yes01.png */; };
		A29768D01965AEA20000B976 /* test01.png in Resources */ = {isa = PBXBuildFile; fileRef = A29768CF1965AEA20000B976 /* test01.png */; };
		A29768D219664EB10000B976 /* test02.png in Resources */ = {isa = PBXBuildFile; fileRef = A29768D119664EB10000B976 /* test02.png */; };
		A29768DE19666F960000B976 /* ImagePreviewViewController.m in Sources */ = {isa = PBXBuildFile; fileRef = A29768DD19666F960000B976 /* ImagePreviewViewController.m */; };
		A29768E119671CE60000B976 /* SNSViewController.m in Sources */ = {isa = PBXBuildFile; fileRef = A29768E019671CE60000B976 /* SNSViewController.m */; };
		A29768E3196724260000B976 /* Social.framework in Frameworks */ = {isa = PBXBuildFile; fileRef = A29768E2196724260000B976 /* Social.framework */; };
		A29768E719679DD70000B976 /* DCSocial.m in Sources */ = {isa = PBXBuildFile; fileRef = A29768E619679DD70000B976 /* DCSocial.m */; };
		A29769021967FF8F0000B976 /* test@2x.png in Resources */ = {isa = PBXBuildFile; fileRef = A29769011967FF8F0000B976 /* test@2x.png */; };
		A297690E196800980000B976 /* Bg@2x.png in Resources */ = {isa = PBXBuildFile; fileRef = A2976903196800980000B976 /* Bg@2x.png */; };
		A297690F196800980000B976 /* home01@2x.png in Resources */ = {isa = PBXBuildFile; fileRef = A2976904196800980000B976 /* home01@2x.png */; };
		A2976910196800980000B976 /* home02@2x.png in Resources */ = {isa = PBXBuildFile; fileRef = A2976905196800980000B976 /* home02@2x.png */; };
		A2976911196800980000B976 /* sns01@2x.png in Resources */ = {isa = PBXBuildFile; fileRef = A2976906196800980000B976 /* sns01@2x.png */; };
		A2976912196800980000B976 /* sns02@2x.png in Resources */ = {isa = PBXBuildFile; fileRef = A2976907196800980000B976 /* sns02@2x.png */; };
		A2976913196800980000B976 /* sns03@2x.png in Resources */ = {isa = PBXBuildFile; fileRef = A2976908196800980000B976 /* sns03@2x.png */; };
		A2976914196800980000B976 /* sns04@2x.png in Resources */ = {isa = PBXBuildFile; fileRef = A2976909196800980000B976 /* sns04@2x.png */; };
		A2976915196800980000B976 /* state01@2x.png in Resources */ = {isa = PBXBuildFile; fileRef = A297690A196800980000B976 /* state01@2x.png */; };
		A2976916196800980000B976 /* state02@2x.png in Resources */ = {isa = PBXBuildFile; fileRef = A297690B196800980000B976 /* state02@2x.png */; };
		A2976917196800980000B976 /* tab01@2x.png in Resources */ = {isa = PBXBuildFile; fileRef = A297690C196800980000B976 /* tab01@2x.png */; };
		A2976918196800980000B976 /* tab02@2x.png in Resources */ = {isa = PBXBuildFile; fileRef = A297690D196800980000B976 /* tab02@2x.png */; };
		A297691A1968091F0000B976 /* SINTYOKU@2x.png in Resources */ = {isa = PBXBuildFile; fileRef = A29769191968091F0000B976 /* SINTYOKU@2x.png */; };
/* End PBXBuildFile section */

/* Begin PBXContainerItemProxy section */
		A29768A21965003C0000B976 /* PBXContainerItemProxy */ = {
			isa = PBXContainerItemProxy;
			containerPortal = A29768741965003C0000B976 /* Project object */;
			proxyType = 1;
			remoteGlobalIDString = A297687B1965003C0000B976;
			remoteInfo = SINTYOKU;
		};
/* End PBXContainerItemProxy section */

/* Begin PBXFileReference section */
		A225B065196C0D1A00683B6C /* LGTM.png */ = {isa = PBXFileReference; lastKnownFileType = image.png; path = LGTM.png; sourceTree = "<group>"; };
		A297687C1965003C0000B976 /* SINTYOKU.app */ = {isa = PBXFileReference; explicitFileType = wrapper.application; includeInIndex = 0; path = SINTYOKU.app; sourceTree = BUILT_PRODUCTS_DIR; };
		A297687F1965003C0000B976 /* Foundation.framework */ = {isa = PBXFileReference; lastKnownFileType = wrapper.framework; name = Foundation.framework; path = System/Library/Frameworks/Foundation.framework; sourceTree = SDKROOT; };
		A29768811965003C0000B976 /* CoreGraphics.framework */ = {isa = PBXFileReference; lastKnownFileType = wrapper.framework; name = CoreGraphics.framework; path = System/Library/Frameworks/CoreGraphics.framework; sourceTree = SDKROOT; };
		A29768831965003C0000B976 /* UIKit.framework */ = {isa = PBXFileReference; lastKnownFileType = wrapper.framework; name = UIKit.framework; path = System/Library/Frameworks/UIKit.framework; sourceTree = SDKROOT; };
		A29768871965003C0000B976 /* SINTYOKU-Info.plist */ = {isa = PBXFileReference; lastKnownFileType = text.plist.xml; path = "SINTYOKU-Info.plist"; sourceTree = "<group>"; };
		A29768891965003C0000B976 /* en */ = {isa = PBXFileReference; lastKnownFileType = text.plist.strings; name = en; path = en.lproj/InfoPlist.strings; sourceTree = "<group>"; };
		A297688B1965003C0000B976 /* main.m */ = {isa = PBXFileReference; lastKnownFileType = sourcecode.c.objc; path = main.m; sourceTree = "<group>"; };
		A297688D1965003C0000B976 /* SINTYOKU-Prefix.pch */ = {isa = PBXFileReference; lastKnownFileType = sourcecode.c.h; path = "SINTYOKU-Prefix.pch"; sourceTree = "<group>"; };
		A297688E1965003C0000B976 /* AppDelegate.h */ = {isa = PBXFileReference; lastKnownFileType = sourcecode.c.h; path = AppDelegate.h; sourceTree = "<group>"; };
		A297688F1965003C0000B976 /* AppDelegate.m */ = {isa = PBXFileReference; lastKnownFileType = sourcecode.c.objc; path = AppDelegate.m; sourceTree = "<group>"; };
		A29768921965003C0000B976 /* Base */ = {isa = PBXFileReference; lastKnownFileType = file.storyboard; name = Base; path = Base.lproj/Main.storyboard; sourceTree = "<group>"; };
		A29768941965003C0000B976 /* ViewController.h */ = {isa = PBXFileReference; lastKnownFileType = sourcecode.c.h; path = ViewController.h; sourceTree = "<group>"; };
		A29768951965003C0000B976 /* ViewController.m */ = {isa = PBXFileReference; lastKnownFileType = sourcecode.c.objc; path = ViewController.m; sourceTree = "<group>"; };
		A29768971965003C0000B976 /* Images.xcassets */ = {isa = PBXFileReference; lastKnownFileType = folder.assetcatalog; path = Images.xcassets; sourceTree = "<group>"; };
		A297689D1965003C0000B976 /* SINTYOKUTests.xctest */ = {isa = PBXFileReference; explicitFileType = wrapper.cfbundle; includeInIndex = 0; path = SINTYOKUTests.xctest; sourceTree = BUILT_PRODUCTS_DIR; };
		A297689E1965003C0000B976 /* XCTest.framework */ = {isa = PBXFileReference; lastKnownFileType = wrapper.framework; name = XCTest.framework; path = Library/Frameworks/XCTest.framework; sourceTree = DEVELOPER_DIR; };
		A29768A61965003C0000B976 /* SINTYOKUTests-Info.plist */ = {isa = PBXFileReference; lastKnownFileType = text.plist.xml; path = "SINTYOKUTests-Info.plist"; sourceTree = "<group>"; };
		A29768A81965003C0000B976 /* en */ = {isa = PBXFileReference; lastKnownFileType = text.plist.strings; name = en; path = en.lproj/InfoPlist.strings; sourceTree = "<group>"; };
		A29768AA1965003C0000B976 /* SINTYOKUTests.m */ = {isa = PBXFileReference; lastKnownFileType = sourcecode.c.objc; path = SINTYOKUTests.m; sourceTree = "<group>"; };
		A29768B41965034F0000B976 /* EditImageViewController.h */ = {isa = PBXFileReference; fileEncoding = 4; lastKnownFileType = sourcecode.c.h; path = EditImageViewController.h; sourceTree = "<group>"; };
		A29768B51965034F0000B976 /* EditImageViewController.m */ = {isa = PBXFileReference; fileEncoding = 4; lastKnownFileType = sourcecode.c.objc; path = EditImageViewController.m; sourceTree = "<group>"; };
		A29768BF19652E670000B976 /* image.png */ = {isa = PBXFileReference; lastKnownFileType = image.png; path = image.png; sourceTree = "<group>"; };
		A29768C61965A0A90000B976 /* not01.png */ = {isa = PBXFileReference; lastKnownFileType = image.png; path = not01.png; sourceTree = "<group>"; };
		A29768C71965A0A90000B976 /* progress01.png */ = {isa = PBXFileReference; lastKnownFileType = image.png; path = progress01.png; sourceTree = "<group>"; };
		A29768C81965A0A90000B976 /* yes01.png */ = {isa = PBXFileReference; lastKnownFileType = image.png; path = yes01.png; sourceTree = "<group>"; };
		A29768CF1965AEA20000B976 /* test01.png */ = {isa = PBXFileReference; lastKnownFileType = image.png; path = test01.png; sourceTree = "<group>"; };
		A29768D119664EB10000B976 /* test02.png */ = {isa = PBXFileReference; lastKnownFileType = image.png; path = test02.png; sourceTree = "<group>"; };
		A29768DC19666F960000B976 /* ImagePreviewViewController.h */ = {isa = PBXFileReference; fileEncoding = 4; lastKnownFileType = sourcecode.c.h; path = ImagePreviewViewController.h; sourceTree = "<group>"; };
		A29768DD19666F960000B976 /* ImagePreviewViewController.m */ = {isa = PBXFileReference; fileEncoding = 4; lastKnownFileType = sourcecode.c.objc; path = ImagePreviewViewController.m; sourceTree = "<group>"; };
		A29768DF19671CE60000B976 /* SNSViewController.h */ = {isa = PBXFileReference; fileEncoding = 4; lastKnownFileType = sourcecode.c.h; path = SNSViewController.h; sourceTree = "<group>"; };
		A29768E019671CE60000B976 /* SNSViewController.m */ = {isa = PBXFileReference; fileEncoding = 4; lastKnownFileType = sourcecode.c.objc; path = SNSViewController.m; sourceTree = "<group>"; };
		A29768E2196724260000B976 /* Social.framework */ = {isa = PBXFileReference; lastKnownFileType = wrapper.framework; name = Social.framework; path = System/Library/Frameworks/Social.framework; sourceTree = SDKROOT; };
		A29768E519679DD70000B976 /* DCSocial.h */ = {isa = PBXFileReference; fileEncoding = 4; lastKnownFileType = sourcecode.c.h; path = DCSocial.h; sourceTree = "<group>"; };
		A29768E619679DD70000B976 /* DCSocial.m */ = {isa = PBXFileReference; fileEncoding = 4; lastKnownFileType = sourcecode.c.objc; path = DCSocial.m; sourceTree = "<group>"; };
		A29769011967FF8F0000B976 /* test@2x.png */ = {isa = PBXFileReference; lastKnownFileType = image.png; path = "test@2x.png"; sourceTree = "<group>"; };
		A2976903196800980000B976 /* Bg@2x.png */ = {isa = PBXFileReference; lastKnownFileType = image.png; path = "Bg@2x.png"; sourceTree = "<group>"; };
		A2976904196800980000B976 /* home01@2x.png */ = {isa = PBXFileReference; lastKnownFileType = image.png; path = "home01@2x.png"; sourceTree = "<group>"; };
		A2976905196800980000B976 /* home02@2x.png */ = {isa = PBXFileReference; lastKnownFileType = image.png; path = "home02@2x.png"; sourceTree = "<group>"; };
		A2976906196800980000B976 /* sns01@2x.png */ = {isa = PBXFileReference; lastKnownFileType = image.png; path = "sns01@2x.png"; sourceTree = "<group>"; };
		A2976907196800980000B976 /* sns02@2x.png */ = {isa = PBXFileReference; lastKnownFileType = image.png; path = "sns02@2x.png"; sourceTree = "<group>"; };
		A2976908196800980000B976 /* sns03@2x.png */ = {isa = PBXFileReference; lastKnownFileType = image.png; path = "sns03@2x.png"; sourceTree = "<group>"; };
		A2976909196800980000B976 /* sns04@2x.png */ = {isa = PBXFileReference; lastKnownFileType = image.png; path = "sns04@2x.png"; sourceTree = "<group>"; };
		A297690A196800980000B976 /* state01@2x.png */ = {isa = PBXFileReference; lastKnownFileType = image.png; path = "state01@2x.png"; sourceTree = "<group>"; };
		A297690B196800980000B976 /* state02@2x.png */ = {isa = PBXFileReference; lastKnownFileType = image.png; path = "state02@2x.png"; sourceTree = "<group>"; };
		A297690C196800980000B976 /* tab01@2x.png */ = {isa = PBXFileReference; lastKnownFileType = image.png; path = "tab01@2x.png"; sourceTree = "<group>"; };
		A297690D196800980000B976 /* tab02@2x.png */ = {isa = PBXFileReference; lastKnownFileType = image.png; path = "tab02@2x.png"; sourceTree = "<group>"; };
		A29769191968091F0000B976 /* SINTYOKU@2x.png */ = {isa = PBXFileReference; lastKnownFileType = image.png; path = "SINTYOKU@2x.png"; sourceTree = "<group>"; };
/* End PBXFileReference section */

/* Begin PBXFrameworksBuildPhase section */
		A29768791965003C0000B976 /* Frameworks */ = {
			isa = PBXFrameworksBuildPhase;
			buildActionMask = 2147483647;
			files = (
				A29768E3196724260000B976 /* Social.framework in Frameworks */,
				A29768821965003C0000B976 /* CoreGraphics.framework in Frameworks */,
				A29768841965003C0000B976 /* UIKit.framework in Frameworks */,
				A29768801965003C0000B976 /* Foundation.framework in Frameworks */,
			);
			runOnlyForDeploymentPostprocessing = 0;
		};
		A297689A1965003C0000B976 /* Frameworks */ = {
			isa = PBXFrameworksBuildPhase;
			buildActionMask = 2147483647;
			files = (
				A297689F1965003C0000B976 /* XCTest.framework in Frameworks */,
				A29768A11965003C0000B976 /* UIKit.framework in Frameworks */,
				A29768A01965003C0000B976 /* Foundation.framework in Frameworks */,
			);
			runOnlyForDeploymentPostprocessing = 0;
		};
/* End PBXFrameworksBuildPhase section */

/* Begin PBXGroup section */
		A29768731965003C0000B976 = {
			isa = PBXGroup;
			children = (
				A29768851965003C0000B976 /* SINTYOKU */,
				A29768A41965003C0000B976 /* SINTYOKUTests */,
				A297687E1965003C0000B976 /* Frameworks */,
				A297687D1965003C0000B976 /* Products */,
			);
			sourceTree = "<group>";
		};
		A297687D1965003C0000B976 /* Products */ = {
			isa = PBXGroup;
			children = (
				A297687C1965003C0000B976 /* SINTYOKU.app */,
				A297689D1965003C0000B976 /* SINTYOKUTests.xctest */,
			);
			name = Products;
			sourceTree = "<group>";
		};
		A297687E1965003C0000B976 /* Frameworks */ = {
			isa = PBXGroup;
			children = (
				A29768E2196724260000B976 /* Social.framework */,
				A297687F1965003C0000B976 /* Foundation.framework */,
				A29768811965003C0000B976 /* CoreGraphics.framework */,
				A29768831965003C0000B976 /* UIKit.framework */,
				A297689E1965003C0000B976 /* XCTest.framework */,
			);
			name = Frameworks;
			sourceTree = "<group>";
		};
		A29768851965003C0000B976 /* SINTYOKU */ = {
			isa = PBXGroup;
			children = (
				A29768EA1967C9240000B976 /* appDesignImage */,
				A29768E419679DD70000B976 /* Classes */,
				A29768E81967C83D0000B976 /* StampImage */,
				A29768911965003C0000B976 /* Main.storyboard */,
				A297688E1965003C0000B976 /* AppDelegate.h */,
				A297688F1965003C0000B976 /* AppDelegate.m */,
				A29768941965003C0000B976 /* ViewController.h */,
				A29768951965003C0000B976 /* ViewController.m */,
				A29768B41965034F0000B976 /* EditImageViewController.h */,
				A29768B51965034F0000B976 /* EditImageViewController.m */,
				A29768DC19666F960000B976 /* ImagePreviewViewController.h */,
				A29768DD19666F960000B976 /* ImagePreviewViewController.m */,
				A29768DF19671CE60000B976 /* SNSViewController.h */,
				A29768E019671CE60000B976 /* SNSViewController.m */,
				A29768971965003C0000B976 /* Images.xcassets */,
				A29768861965003C0000B976 /* Supporting Files */,
			);
			path = SINTYOKU;
			sourceTree = "<group>";
		};
		A29768861965003C0000B976 /* Supporting Files */ = {
			isa = PBXGroup;
			children = (
				A29768871965003C0000B976 /* SINTYOKU-Info.plist */,
				A29768881965003C0000B976 /* InfoPlist.strings */,
				A297688B1965003C0000B976 /* main.m */,
				A297688D1965003C0000B976 /* SINTYOKU-Prefix.pch */,
			);
			name = "Supporting Files";
			sourceTree = "<group>";
		};
		A29768A41965003C0000B976 /* SINTYOKUTests */ = {
			isa = PBXGroup;
			children = (
				A29768AA1965003C0000B976 /* SINTYOKUTests.m */,
				A29768A51965003C0000B976 /* Supporting Files */,
			);
			path = SINTYOKUTests;
			sourceTree = "<group>";
		};
		A29768A51965003C0000B976 /* Supporting Files */ = {
			isa = PBXGroup;
			children = (
				A29768A61965003C0000B976 /* SINTYOKUTests-Info.plist */,
				A29768A71965003C0000B976 /* InfoPlist.strings */,
			);
			name = "Supporting Files";
			sourceTree = "<group>";
		};
		A29768E419679DD70000B976 /* Classes */ = {
			isa = PBXGroup;
			children = (
				A29768E519679DD70000B976 /* DCSocial.h */,
				A29768E619679DD70000B976 /* DCSocial.m */,
			);
			path = Classes;
			sourceTree = "<group>";
		};
		A29768E81967C83D0000B976 /* StampImage */ = {
			isa = PBXGroup;
			children = (
				A225B065196C0D1A00683B6C /* LGTM.png */,
				A29768D119664EB10000B976 /* test02.png */,
				A29768CF1965AEA20000B976 /* test01.png */,
				A29768C61965A0A90000B976 /* not01.png */,
				A29768C71965A0A90000B976 /* progress01.png */,
				A29768C81965A0A90000B976 /* yes01.png */,
				A29768BF19652E670000B976 /* image.png */,
			);
			name = StampImage;
			sourceTree = "<group>";
		};
		A29768EA1967C9240000B976 /* appDesignImage */ = {
			isa = PBXGroup;
			children = (
				A29769191968091F0000B976 /* SINTYOKU@2x.png */,
				A2976903196800980000B976 /* Bg@2x.png */,
				A2976904196800980000B976 /* home01@2x.png */,
				A2976905196800980000B976 /* home02@2x.png */,
				A2976906196800980000B976 /* sns01@2x.png */,
				A2976907196800980000B976 /* sns02@2x.png */,
				A2976908196800980000B976 /* sns03@2x.png */,
				A2976909196800980000B976 /* sns04@2x.png */,
				A297690A196800980000B976 /* state01@2x.png */,
				A297690B196800980000B976 /* state02@2x.png */,
				A297690C196800980000B976 /* tab01@2x.png */,
				A297690D196800980000B976 /* tab02@2x.png */,
				A29769011967FF8F0000B976 /* test@2x.png */,
			);
			name = appDesignImage;
			sourceTree = "<group>";
		};
/* End PBXGroup section */

/* Begin PBXNativeTarget section */
		A297687B1965003C0000B976 /* SINTYOKU */ = {
			isa = PBXNativeTarget;
			buildConfigurationList = A29768AE1965003C0000B976 /* Build configuration list for PBXNativeTarget "SINTYOKU" */;
			buildPhases = (
				A29768781965003C0000B976 /* Sources */,
				A29768791965003C0000B976 /* Frameworks */,
				A297687A1965003C0000B976 /* Resources */,
			);
			buildRules = (
			);
			dependencies = (
			);
			name = SINTYOKU;
			productName = SINTYOKU;
			productReference = A297687C1965003C0000B976 /* SINTYOKU.app */;
			productType = "com.apple.product-type.application";
		};
		A297689C1965003C0000B976 /* SINTYOKUTests */ = {
			isa = PBXNativeTarget;
			buildConfigurationList = A29768B11965003C0000B976 /* Build configuration list for PBXNativeTarget "SINTYOKUTests" */;
			buildPhases = (
				A29768991965003C0000B976 /* Sources */,
				A297689A1965003C0000B976 /* Frameworks */,
				A297689B1965003C0000B976 /* Resources */,
			);
			buildRules = (
			);
			dependencies = (
				A29768A31965003C0000B976 /* PBXTargetDependency */,
			);
			name = SINTYOKUTests;
			productName = SINTYOKUTests;
			productReference = A297689D1965003C0000B976 /* SINTYOKUTests.xctest */;
			productType = "com.apple.product-type.bundle.unit-test";
		};
/* End PBXNativeTarget section */

/* Begin PBXProject section */
		A29768741965003C0000B976 /* Project object */ = {
			isa = PBXProject;
			attributes = {
				LastUpgradeCheck = 0510;
				ORGANIZATIONNAME = sadakoa;
				TargetAttributes = {
					A297689C1965003C0000B976 = {
						TestTargetID = A297687B1965003C0000B976;
					};
				};
			};
			buildConfigurationList = A29768771965003C0000B976 /* Build configuration list for PBXProject "SINTYOKU" */;
			compatibilityVersion = "Xcode 3.2";
			developmentRegion = English;
			hasScannedForEncodings = 0;
			knownRegions = (
				en,
				Base,
			);
			mainGroup = A29768731965003C0000B976;
			productRefGroup = A297687D1965003C0000B976 /* Products */;
			projectDirPath = "";
			projectRoot = "";
			targets = (
				A297687B1965003C0000B976 /* SINTYOKU */,
				A297689C1965003C0000B976 /* SINTYOKUTests */,
			);
		};
/* End PBXProject section */

/* Begin PBXResourcesBuildPhase section */
		A297687A1965003C0000B976 /* Resources */ = {
			isa = PBXResourcesBuildPhase;
			buildActionMask = 2147483647;
			files = (
				A29768981965003C0000B976 /* Images.xcassets in Resources */,
				A297688A1965003C0000B976 /* InfoPlist.strings in Resources */,
				A2976918196800980000B976 /* tab02@2x.png in Resources */,
				A2976912196800980000B976 /* sns02@2x.png in Resources */,
				A29768C91965A0A90000B976 /* not01.png in Resources */,
				A29768D219664EB10000B976 /* test02.png in Resources */,
				A2976916196800980000B976 /* state02@2x.png in Resources */,
				A2976917196800980000B976 /* tab01@2x.png in Resources */,
				A29769021967FF8F0000B976 /* test@2x.png in Resources */,
				A29768931965003C0000B976 /* Main.storyboard in Resources */,
				A29768CB1965A0A90000B976 /* yes01.png in Resources */,
				A2976913196800980000B976 /* sns03@2x.png in Resources */,
				A29768C019652E670000B976 /* image.png in Resources */,
				A2976911196800980000B976 /* sns01@2x.png in Resources */,
				A297690F196800980000B976 /* home01@2x.png in Resources */,
				A297690E196800980000B976 /* Bg@2x.png in Resources */,
				A297691A1968091F0000B976 /* SINTYOKU@2x.png in Resources */,
				A29768D01965AEA20000B976 /* test01.png in Resources */,
				A225B066196C0D1A00683B6C /* LGTM.png in Resources */,
				A2976915196800980000B976 /* state01@2x.png in Resources */,
				A29768CA1965A0A90000B976 /* progress01.png in Resources */,
				A2976910196800980000B976 /* home02@2x.png in Resources */,
				A2976914196800980000B976 /* sns04@2x.png in Resources */,
			);
			runOnlyForDeploymentPostprocessing = 0;
		};
		A297689B1965003C0000B976 /* Resources */ = {
			isa = PBXResourcesBuildPhase;
			buildActionMask = 2147483647;
			files = (
				A29768A91965003C0000B976 /* InfoPlist.strings in Resources */,
			);
			runOnlyForDeploymentPostprocessing = 0;
		};
/* End PBXResourcesBuildPhase section */

/* Begin PBXSourcesBuildPhase section */
		A29768781965003C0000B976 /* Sources */ = {
			isa = PBXSourcesBuildPhase;
			buildActionMask = 2147483647;
			files = (
				A29768B61965034F0000B976 /* EditImageViewController.m in Sources */,
				A29768E719679DD70000B976 /* DCSocial.m in Sources */,
				A29768E119671CE60000B976 /* SNSViewController.m in Sources */,
				A29768961965003C0000B976 /* ViewController.m in Sources */,
				A29768901965003C0000B976 /* AppDelegate.m in Sources */,
				A29768DE19666F960000B976 /* ImagePreviewViewController.m in Sources */,
				A297688C1965003C0000B976 /* main.m in Sources */,
			);
			runOnlyForDeploymentPostprocessing = 0;
		};
		A29768991965003C0000B976 /* Sources */ = {
			isa = PBXSourcesBuildPhase;
			buildActionMask = 2147483647;
			files = (
				A29768AB1965003C0000B976 /* SINTYOKUTests.m in Sources */,
			);
			runOnlyForDeploymentPostprocessing = 0;
		};
/* End PBXSourcesBuildPhase section */

/* Begin PBXTargetDependency section */
		A29768A31965003C0000B976 /* PBXTargetDependency */ = {
			isa = PBXTargetDependency;
			target = A297687B1965003C0000B976 /* SINTYOKU */;
			targetProxy = A29768A21965003C0000B976 /* PBXContainerItemProxy */;
		};
/* End PBXTargetDependency section */

/* Begin PBXVariantGroup section */
		A29768881965003C0000B976 /* InfoPlist.strings */ = {
			isa = PBXVariantGroup;
			children = (
				A29768891965003C0000B976 /* en */,
			);
			name = InfoPlist.strings;
			sourceTree = "<group>";
		};
		A29768911965003C0000B976 /* Main.storyboard */ = {
			isa = PBXVariantGroup;
			children = (
				A29768921965003C0000B976 /* Base */,
			);
			name = Main.storyboard;
			sourceTree = "<group>";
		};
		A29768A71965003C0000B976 /* InfoPlist.strings */ = {
			isa = PBXVariantGroup;
			children = (
				A29768A81965003C0000B976 /* en */,
			);
			name = InfoPlist.strings;
			sourceTree = "<group>";
		};
/* End PBXVariantGroup section */

/* Begin XCBuildConfiguration section */
		A29768AC1965003C0000B976 /* Debug */ = {
			isa = XCBuildConfiguration;
			buildSettings = {
				ALWAYS_SEARCH_USER_PATHS = NO;
				CLANG_CXX_LANGUAGE_STANDARD = "gnu++0x";
				CLANG_CXX_LIBRARY = "libc++";
				CLANG_ENABLE_MODULES = YES;
				CLANG_ENABLE_OBJC_ARC = YES;
				CLANG_WARN_BOOL_CONVERSION = YES;
				CLANG_WARN_CONSTANT_CONVERSION = YES;
				CLANG_WARN_DIRECT_OBJC_ISA_USAGE = YES_ERROR;
				CLANG_WARN_EMPTY_BODY = YES;
				CLANG_WARN_ENUM_CONVERSION = YES;
				CLANG_WARN_INT_CONVERSION = YES;
				CLANG_WARN_OBJC_ROOT_CLASS = YES_ERROR;
				CLANG_WARN__DUPLICATE_METHOD_MATCH = YES;
				"CODE_SIGN_IDENTITY[sdk=iphoneos*]" = "iPhone Developer";
				COPY_PHASE_STRIP = NO;
				GCC_C_LANGUAGE_STANDARD = gnu99;
				GCC_DYNAMIC_NO_PIC = NO;
				GCC_OPTIMIZATION_LEVEL = 0;
				GCC_PREPROCESSOR_DEFINITIONS = (
					"DEBUG=1",
					"$(inherited)",
				);
				GCC_SYMBOLS_PRIVATE_EXTERN = NO;
				GCC_WARN_64_TO_32_BIT_CONVERSION = YES;
				GCC_WARN_ABOUT_RETURN_TYPE = YES_ERROR;
				GCC_WARN_UNDECLARED_SELECTOR = YES;
				GCC_WARN_UNINITIALIZED_AUTOS = YES_AGGRESSIVE;
				GCC_WARN_UNUSED_FUNCTION = YES;
				GCC_WARN_UNUSED_VARIABLE = YES;
				IPHONEOS_DEPLOYMENT_TARGET = 7.1;
				ONLY_ACTIVE_ARCH = YES;
				SDKROOT = iphoneos;
			};
			name = Debug;
		};
		A29768AD1965003C0000B976 /* Release */ = {
			isa = XCBuildConfiguration;
			buildSettings = {
				ALWAYS_SEARCH_USER_PATHS = NO;
				CLANG_CXX_LANGUAGE_STANDARD = "gnu++0x";
				CLANG_CXX_LIBRARY = "libc++";
				CLANG_ENABLE_MODULES = YES;
				CLANG_ENABLE_OBJC_ARC = YES;
				CLANG_WARN_BOOL_CONVERSION = YES;
				CLANG_WARN_CONSTANT_CONVERSION = YES;
				CLANG_WARN_DIRECT_OBJC_ISA_USAGE = YES_ERROR;
				CLANG_WARN_EMPTY_BODY = YES;
				CLANG_WARN_ENUM_CONVERSION = YES;
				CLANG_WARN_INT_CONVERSION = YES;
				CLANG_WARN_OBJC_ROOT_CLASS = YES_ERROR;
				CLANG_WARN__DUPLICATE_METHOD_MATCH = YES;
				"CODE_SIGN_IDENTITY[sdk=iphoneos*]" = "iPhone Developer";
				COPY_PHASE_STRIP = YES;
				ENABLE_NS_ASSERTIONS = NO;
				GCC_C_LANGUAGE_STANDARD = gnu99;
				GCC_WARN_64_TO_32_BIT_CONVERSION = YES;
				GCC_WARN_ABOUT_RETURN_TYPE = YES_ERROR;
				GCC_WARN_UNDECLARED_SELECTOR = YES;
				GCC_WARN_UNINITIALIZED_AUTOS = YES_AGGRESSIVE;
				GCC_WARN_UNUSED_FUNCTION = YES;
				GCC_WARN_UNUSED_VARIABLE = YES;
				IPHONEOS_DEPLOYMENT_TARGET = 7.1;
				SDKROOT = iphoneos;
				VALIDATE_PRODUCT = YES;
			};
			name = Release;
		};
		A29768AF1965003C0000B976 /* Debug */ = {
			isa = XCBuildConfiguration;
			buildSettings = {
				ASSETCATALOG_COMPILER_APPICON_NAME = AppIcon;
				ASSETCATALOG_COMPILER_LAUNCHIMAGE_NAME = LaunchImage;
				GCC_PRECOMPILE_PREFIX_HEADER = YES;
				GCC_PREFIX_HEADER = "SINTYOKU/SINTYOKU-Prefix.pch";
				INFOPLIST_FILE = "SINTYOKU/SINTYOKU-Info.plist";
				PRODUCT_NAME = "$(TARGET_NAME)";
				WRAPPER_EXTENSION = app;
			};
			name = Debug;
		};
		A29768B01965003C0000B976 /* Release */ = {
			isa = XCBuildConfiguration;
			buildSettings = {
				ASSETCATALOG_COMPILER_APPICON_NAME = AppIcon;
				ASSETCATALOG_COMPILER_LAUNCHIMAGE_NAME = LaunchImage;
				GCC_PRECOMPILE_PREFIX_HEADER = YES;
				GCC_PREFIX_HEADER = "SINTYOKU/SINTYOKU-Prefix.pch";
				INFOPLIST_FILE = "SINTYOKU/SINTYOKU-Info.plist";
				PRODUCT_NAME = "$(TARGET_NAME)";
				WRAPPER_EXTENSION = app;
			};
			name = Release;
		};
		A29768B21965003C0000B976 /* Debug */ = {
			isa = XCBuildConfiguration;
			buildSettings = {
				BUNDLE_LOADER = "$(BUILT_PRODUCTS_DIR)/SINTYOKU.app/SINTYOKU";
				FRAMEWORK_SEARCH_PATHS = (
					"$(SDKROOT)/Developer/Library/Frameworks",
					"$(inherited)",
					"$(DEVELOPER_FRAMEWORKS_DIR)",
				);
				GCC_PRECOMPILE_PREFIX_HEADER = YES;
				GCC_PREFIX_HEADER = "SINTYOKU/SINTYOKU-Prefix.pch";
				GCC_PREPROCESSOR_DEFINITIONS = (
					"DEBUG=1",
					"$(inherited)",
				);
				INFOPLIST_FILE = "SINTYOKUTests/SINTYOKUTests-Info.plist";
				PRODUCT_NAME = "$(TARGET_NAME)";
				TEST_HOST = "$(BUNDLE_LOADER)";
				WRAPPER_EXTENSION = xctest;
			};
			name = Debug;
		};
		A29768B31965003C0000B976 /* Release */ = {
			isa = XCBuildConfiguration;
			buildSettings = {
				BUNDLE_LOADER = "$(BUILT_PRODUCTS_DIR)/SINTYOKU.app/SINTYOKU";
				FRAMEWORK_SEARCH_PATHS = (
					"$(SDKROOT)/Developer/Library/Frameworks",
					"$(inherited)",
					"$(DEVELOPER_FRAMEWORKS_DIR)",
				);
				GCC_PRECOMPILE_PREFIX_HEADER = YES;
				GCC_PREFIX_HEADER = "SINTYOKU/SINTYOKU-Prefix.pch";
				INFOPLIST_FILE = "SINTYOKUTests/SINTYOKUTests-Info.plist";
				PRODUCT_NAME = "$(TARGET_NAME)";
				TEST_HOST = "$(BUNDLE_LOADER)";
				WRAPPER_EXTENSION = xctest;
			};
			name = Release;
		};
/* End XCBuildConfiguration section */

/* Begin XCConfigurationList section */
		A29768771965003C0000B976 /* Build configuration list for PBXProject "SINTYOKU" */ = {
			isa = XCConfigurationList;
			buildConfigurations = (
				A29768AC1965003C0000B976 /* Debug */,
				A29768AD1965003C0000B976 /* Release */,
			);
			defaultConfigurationIsVisible = 0;
			defaultConfigurationName = Release;
		};
		A29768AE1965003C0000B976 /* Build configuration list for PBXNativeTarget "SINTYOKU" */ = {
			isa = XCConfigurationList;
			buildConfigurations = (
				A29768AF1965003C0000B976 /* Debug */,
				A29768B01965003C0000B976 /* Release */,
			);
			defaultConfigurationIsVisible = 0;
			defaultConfigurationName = Release;
		};
		A29768B11965003C0000B976 /* Build configuration list for PBXNativeTarget "SINTYOKUTests" */ = {
			isa = XCConfigurationList;
			buildConfigurations = (
				A29768B21965003C0000B976 /* Debug */,
				A29768B31965003C0000B976 /* Release */,
			);
			defaultConfigurationIsVisible = 0;
			defaultConfigurationName = Release;
		};
/* End XCConfigurationList section */
	};
	rootObject = A29768741965003C0000B976 /* Project object */;
}
